
Microsoft Visual Studio Solution File, Format Version 12.00
# Visual Studio Version 17
VisualStudioVersion = 17.9.34622.214
MinimumVisualStudioVersion = 10.0.40219.1
Project("{9A19103F-16F7-4668-BE54-9A1E7A4F7556}") = "MonaDotNetTemplate.API", "MonaDotNetTemplate\MonaDotNetTemplate.API.csproj", "{CC618B91-6F91-4B1F-A2CB-F36B245DF761}"
EndProject
Project("{9A19103F-16F7-4668-BE54-9A1E7A4F7556}") = "MonaDotNetTemplate.Entities", "MonaDotNetTemplate.Entities\MonaDotNetTemplate.Entities.csproj", "{F36E1C80-5D3B-4877-A18D-DB011A31DBD2}"
EndProject
Project("{9A19103F-16F7-4668-BE54-9A1E7A4F7556}") = "MonaDotNetTemplate.Services", "MonaDotNetTemplate.Services\MonaDotNetTemplate.Services.csproj", "{DFF55571-3E76-45E6-B22D-BA9CEFB0E657}"
EndProject
Project("{9A19103F-16F7-4668-BE54-9A1E7A4F7556}") = "MonaDotNetTemplate.Repository", "MonaDotNetTemplate.Repository\MonaDotNetTemplate.Repository.csproj", "{776EC6F9-099D-46C5-A0D9-50169C4921D9}"
EndProject
Project("{9A19103F-16F7-4668-BE54-9A1E7A4F7556}") = "MonaDotNetTemplate.Utilities", "MonaDotNetTemplate.Utilities\MonaDotNetTemplate.Utilities.csproj", "{C87913E3-0996-48DF-AC8D-D0A155A3436A}"
EndProject
Project("{9A19103F-16F7-4668-BE54-9A1E7A4F7556}") = "MonaDotNetTemplate.Extensions", "MonaDotNetTemplate.Extensions\MonaDotNetTemplate.Extensions.csproj", "{658B8A73-A44B-4C5E-90DC-F017E84D2E74}"
EndProject
Global
	GlobalSection(SolutionConfigurationPlatforms) = preSolution
		Debug|Any CPU = Debug|Any CPU
		Release|Any CPU = Release|Any CPU
	EndGlobalSection
	GlobalSection(ProjectConfigurationPlatforms) = postSolution
		{CC618B91-6F91-4B1F-A2CB-F36B245DF761}.Debug|Any CPU.ActiveCfg = Debug|Any CPU
		{CC618B91-6F91-4B1F-A2CB-F36B245DF761}.Debug|Any CPU.Build.0 = Debug|Any CPU
		{CC618B91-6F91-4B1F-A2CB-F36B245DF761}.Release|Any CPU.ActiveCfg = Release|Any CPU
		{CC618B91-6F91-4B1F-A2CB-F36B245DF761}.Release|Any CPU.Build.0 = Release|Any CPU
		{F36E1C80-5D3B-4877-A18D-DB011A31DBD2}.Debug|Any CPU.ActiveCfg = Debug|Any CPU
		{F36E1C80-5D3B-4877-A18D-DB011A31DBD2}.Debug|Any CPU.Build.0 = Debug|Any CPU
		{F36E1C80-5D3B-4877-A18D-DB011A31DBD2}.Release|Any CPU.ActiveCfg = Release|Any CPU
		{F36E1C80-5D3B-4877-A18D-DB011A31DBD2}.Release|Any CPU.Build.0 = Release|Any CPU
		{DFF55571-3E76-45E6-B22D-BA9CEFB0E657}.Debug|Any CPU.ActiveCfg = Debug|Any CPU
		{DFF55571-3E76-45E6-B22D-BA9CEFB0E657}.Debug|Any CPU.Build.0 = Debug|Any CPU
		{DFF55571-3E76-45E6-B22D-BA9CEFB0E657}.Release|Any CPU.ActiveCfg = Release|Any CPU
		{DFF55571-3E76-45E6-B22D-BA9CEFB0E657}.Release|Any CPU.Build.0 = Release|Any CPU
		{776EC6F9-099D-46C5-A0D9-50169C4921D9}.Debug|Any CPU.ActiveCfg = Debug|Any CPU
		{776EC6F9-099D-46C5-A0D9-50169C4921D9}.Debug|Any CPU.Build.0 = Debug|Any CPU
		{776EC6F9-099D-46C5-A0D9-50169C4921D9}.Release|Any CPU.ActiveCfg = Release|Any CPU
		{776EC6F9-099D-46C5-A0D9-50169C4921D9}.Release|Any CPU.Build.0 = Release|Any CPU
		{C87913E3-0996-48DF-AC8D-D0A155A3436A}.Debug|Any CPU.ActiveCfg = Debug|Any CPU
		{C87913E3-0996-48DF-AC8D-D0A155A3436A}.Debug|Any CPU.Build.0 = Debug|Any CPU
		{C87913E3-0996-48DF-AC8D-D0A155A3436A}.Release|Any CPU.ActiveCfg = Release|Any CPU
		{C87913E3-0996-48DF-AC8D-D0A155A3436A}.Release|Any CPU.Build.0 = Release|Any CPU
		{658B8A73-A44B-4C5E-90DC-F017E84D2E74}.Debug|Any CPU.ActiveCfg = Debug|Any CPU
		{658B8A73-A44B-4C5E-90DC-F017E84D2E74}.Debug|Any CPU.Build.0 = Debug|Any CPU
		{658B8A73-A44B-4C5E-90DC-F017E84D2E74}.Release|Any CPU.ActiveCfg = Release|Any CPU
		{658B8A73-A44B-4C5E-90DC-F017E84D2E74}.Release|Any CPU.Build.0 = Release|Any CPU
	EndGlobalSection
	GlobalSection(SolutionProperties) = preSolution
		HideSolutionNode = FALSE
	EndGlobalSection
	GlobalSection(ExtensibilityGlobals) = postSolution
		SolutionGuid = {CE649E3F-5D53-4554-AE68-71FB941FB60A}
	EndGlobalSection
EndGlobal
